
Microsoft Visual Studio Solution File, Format Version 12.00
# Visual Studio Version 16
VisualStudioVersion = 16.0.31005.135
MinimumVisualStudioVersion = 10.0.40219.1
Project("{FAE04EC0-301F-11D3-BF4B-00C04F79EFBC}") = "HB.RestAPI", "HB.RestAPI\HB.RestAPI.csproj", "{80AC7EBF-8C76-47FC-98E6-EAA61C235AF1}"
EndProject
Project("{FAE04EC0-301F-11D3-BF4B-00C04F79EFBC}") = "HB.RestAPI.Core", "HB.RestAPI.Core\HB.RestAPI.Core.csproj", "{88FF4BEE-2F33-46D6-B3D9-1623D7172169}"
EndProject
Global
	GlobalSection(SolutionConfigurationPlatforms) = preSolution
		Debug|Any CPU = Debug|Any CPU
		Release|Any CPU = Release|Any CPU
	EndGlobalSection
	GlobalSection(ProjectConfigurationPlatforms) = postSolution
		{80AC7EBF-8C76-47FC-98E6-EAA61C235AF1}.Debug|Any CPU.ActiveCfg = Debug|Any CPU
		{80AC7EBF-8C76-47FC-98E6-EAA61C235AF1}.Debug|Any CPU.Build.0 = Debug|Any CPU
		{80AC7EBF-8C76-47FC-98E6-EAA61C235AF1}.Release|Any CPU.ActiveCfg = Release|Any CPU
		{80AC7EBF-8C76-47FC-98E6-EAA61C235AF1}.Release|Any CPU.Build.0 = Release|Any CPU
		{88FF4BEE-2F33-46D6-B3D9-1623D7172169}.Debug|Any CPU.ActiveCfg = Debug|Any CPU
		{88FF4BEE-2F33-46D6-B3D9-1623D7172169}.Debug|Any CPU.Build.0 = Debug|Any CPU
		{88FF4BEE-2F33-46D6-B3D9-1623D7172169}.Release|Any CPU.ActiveCfg = Release|Any CPU
		{88FF4BEE-2F33-46D6-B3D9-1623D7172169}.Release|Any CPU.Build.0 = Release|Any CPU
	EndGlobalSection
	GlobalSection(SolutionProperties) = preSolution
		HideSolutionNode = FALSE
	EndGlobalSection
	GlobalSection(ExtensibilityGlobals) = postSolution
		SolutionGuid = {A939093B-4911-4F7B-B18C-3EA3251D8CEC}
	EndGlobalSection
EndGlobal
